
Microsoft Visual Studio Solution File, Format Version 12.00
# Visual Studio Version 16
VisualStudioVersion = 16.0.29306.81
MinimumVisualStudioVersion = 10.0.40219.1
Project("{2150E333-8FDC-42A3-9474-1A3956D46DE8}") = "01-Presentacion", "01-Presentacion", "{3014C0DE-F493-4AA0-8C17-E91B60C3EB46}"
EndProject
Project("{2150E333-8FDC-42A3-9474-1A3956D46DE8}") = "02-Aplicacion", "02-Aplicacion", "{8003DD83-6C4E-414E-BE7D-7A916D1D8E0B}"
EndProject
Project("{2150E333-8FDC-42A3-9474-1A3956D46DE8}") = "03-Servicio", "03-Servicio", "{6F59EA9D-E548-44FF-9EC0-A12314A1E5E1}"
EndProject
Project("{2150E333-8FDC-42A3-9474-1A3956D46DE8}") = "04-Dominio", "04-Dominio", "{C4FD4C94-B4EC-4FA1-B94A-D250067CDDBE}"
EndProject
Project("{2150E333-8FDC-42A3-9474-1A3956D46DE8}") = "05-Infraestructuta", "05-Infraestructuta", "{3DDEB95E-4C8A-4630-843F-6D62F8A58930}"
EndProject
Project("{9A19103F-16F7-4668-BE54-9A1E7A4F7556}") = "PP.Infraestructura.Context", "PP.Infraestructura.Context\PP.Infraestructura.Context.csproj", "{0437B73D-35D6-416D-8A31-2C9B6CEF3BA6}"
EndProject
Project("{9A19103F-16F7-4668-BE54-9A1E7A4F7556}") = "PP.Aplicacion.ConectionString", "PP.Aplicacion.ConectionString\PP.Aplicacion.ConectionString.csproj", "{EBF6534C-89E8-4280-91EF-6B0C24DDE07C}"
EndProject
Project("{9A19103F-16F7-4668-BE54-9A1E7A4F7556}") = "PP.Dominio.Base", "PP.Dominio.Base\PP.Dominio.Base.csproj", "{F56C39F0-0E0C-4B4C-A8A4-D76E6293D12C}"
EndProject
Project("{9A19103F-16F7-4668-BE54-9A1E7A4F7556}") = "PP.Dominio.Entidades", "PP.Dominio.Entidades\PP.Dominio.Entidades.csproj", "{208FB226-E45D-4EA2-9EEA-BBEFE6A7433B}"
EndProject
Project("{9A19103F-16F7-4668-BE54-9A1E7A4F7556}") = "ConsoleApp1", "ConsoleApp1\ConsoleApp1.csproj", "{636B2AF7-1404-4257-8F80-F55EC55E2030}"
EndProject
Project("{9A19103F-16F7-4668-BE54-9A1E7A4F7556}") = "PP.ServicioBase", "PP.ServicioBase\PP.ServicioBase.csproj", "{4074C700-BF2B-4659-93ED-E47000D95287}"
EndProject
Project("{9A19103F-16F7-4668-BE54-9A1E7A4F7556}") = "PP.IServicio", "PP.IServicio\PP.IServicio.csproj", "{6A89C96D-B094-44FB-AD28-29564DED1A38}"
EndProject
Project("{9A19103F-16F7-4668-BE54-9A1E7A4F7556}") = "PP.Servicio", "PP.Servicio\PP.Servicio.csproj", "{EAAC57A2-5E3A-4A9E-A149-9447CC47268B}"
EndProject
Project("{9A19103F-16F7-4668-BE54-9A1E7A4F7556}") = "PP.Servicio.Dtos", "PP.Servicio.Dtos\PP.Servicio.Dtos.csproj", "{A781713F-2167-4631-94E9-F8F3025423FD}"
EndProject
Project("{9A19103F-16F7-4668-BE54-9A1E7A4F7556}") = "PP.Infraestructura.Repositorio", "PP.Infraestructura.Repositorio\PP.Infraestructura.Repositorio.csproj", "{7AE20510-7917-41BE-9E3E-858D0ED747DF}"
EndProject
Project("{9A19103F-16F7-4668-BE54-9A1E7A4F7556}") = "PP.Dominio.Repositorio", "PP.Dominio.Repositorio\PP.Dominio.Repositorio.csproj", "{C8894486-E8F3-4566-9990-11E6AD42FEAF}"
EndProject
Project("{9A19103F-16F7-4668-BE54-9A1E7A4F7556}") = "WebApi", "WebApi\WebApi.csproj", "{6547DC40-C791-447E-88A9-556C9E7F60F0}"
EndProject
Project("{2150E333-8FDC-42A3-9474-1A3956D46DE8}") = "Ioc", "Ioc", "{F4D130BA-12DC-4621-B51E-40D678E03126}"
EndProject
Project("{FAE04EC0-301F-11D3-BF4B-00C04F79EFBC}") = "PP.Ioc", "PP.Ioc\PP.Ioc.csproj", "{F328E88C-4058-43AA-BE68-8CB16AC2F78F}"
EndProject
Project("{2150E333-8FDC-42A3-9474-1A3956D46DE8}") = "Mapper", "Mapper", "{924880D4-9D4C-4B9F-9AA0-B1158933035E}"
EndProject
Project("{FAE04EC0-301F-11D3-BF4B-00C04F79EFBC}") = "PP.MaperProfiles", "PP.MaperProfiles\PP.MaperProfiles.csproj", "{C19562AA-AFC8-4E36-94F2-A26AB7153DFC}"
EndProject
Global
	GlobalSection(SolutionConfigurationPlatforms) = preSolution
		Debug|Any CPU = Debug|Any CPU
		Release|Any CPU = Release|Any CPU
	EndGlobalSection
	GlobalSection(ProjectConfigurationPlatforms) = postSolution
		{0437B73D-35D6-416D-8A31-2C9B6CEF3BA6}.Debug|Any CPU.ActiveCfg = Debug|Any CPU
		{0437B73D-35D6-416D-8A31-2C9B6CEF3BA6}.Debug|Any CPU.Build.0 = Debug|Any CPU
		{0437B73D-35D6-416D-8A31-2C9B6CEF3BA6}.Release|Any CPU.ActiveCfg = Release|Any CPU
		{0437B73D-35D6-416D-8A31-2C9B6CEF3BA6}.Release|Any CPU.Build.0 = Release|Any CPU
		{EBF6534C-89E8-4280-91EF-6B0C24DDE07C}.Debug|Any CPU.ActiveCfg = Debug|Any CPU
		{EBF6534C-89E8-4280-91EF-6B0C24DDE07C}.Debug|Any CPU.Build.0 = Debug|Any CPU
		{EBF6534C-89E8-4280-91EF-6B0C24DDE07C}.Release|Any CPU.ActiveCfg = Release|Any CPU
		{EBF6534C-89E8-4280-91EF-6B0C24DDE07C}.Release|Any CPU.Build.0 = Release|Any CPU
		{F56C39F0-0E0C-4B4C-A8A4-D76E6293D12C}.Debug|Any CPU.ActiveCfg = Debug|Any CPU
		{F56C39F0-0E0C-4B4C-A8A4-D76E6293D12C}.Debug|Any CPU.Build.0 = Debug|Any CPU
		{F56C39F0-0E0C-4B4C-A8A4-D76E6293D12C}.Release|Any CPU.ActiveCfg = Release|Any CPU
		{F56C39F0-0E0C-4B4C-A8A4-D76E6293D12C}.Release|Any CPU.Build.0 = Release|Any CPU
		{208FB226-E45D-4EA2-9EEA-BBEFE6A7433B}.Debug|Any CPU.ActiveCfg = Debug|Any CPU
		{208FB226-E45D-4EA2-9EEA-BBEFE6A7433B}.Debug|Any CPU.Build.0 = Debug|Any CPU
		{208FB226-E45D-4EA2-9EEA-BBEFE6A7433B}.Release|Any CPU.ActiveCfg = Release|Any CPU
		{208FB226-E45D-4EA2-9EEA-BBEFE6A7433B}.Release|Any CPU.Build.0 = Release|Any CPU
		{636B2AF7-1404-4257-8F80-F55EC55E2030}.Debug|Any CPU.ActiveCfg = Debug|Any CPU
		{636B2AF7-1404-4257-8F80-F55EC55E2030}.Debug|Any CPU.Build.0 = Debug|Any CPU
		{636B2AF7-1404-4257-8F80-F55EC55E2030}.Release|Any CPU.ActiveCfg = Release|Any CPU
		{636B2AF7-1404-4257-8F80-F55EC55E2030}.Release|Any CPU.Build.0 = Release|Any CPU
		{4074C700-BF2B-4659-93ED-E47000D95287}.Debug|Any CPU.ActiveCfg = Debug|Any CPU
		{4074C700-BF2B-4659-93ED-E47000D95287}.Debug|Any CPU.Build.0 = Debug|Any CPU
		{4074C700-BF2B-4659-93ED-E47000D95287}.Release|Any CPU.ActiveCfg = Release|Any CPU
		{4074C700-BF2B-4659-93ED-E47000D95287}.Release|Any CPU.Build.0 = Release|Any CPU
		{6A89C96D-B094-44FB-AD28-29564DED1A38}.Debug|Any CPU.ActiveCfg = Debug|Any CPU
		{6A89C96D-B094-44FB-AD28-29564DED1A38}.Debug|Any CPU.Build.0 = Debug|Any CPU
		{6A89C96D-B094-44FB-AD28-29564DED1A38}.Release|Any CPU.ActiveCfg = Release|Any CPU
		{6A89C96D-B094-44FB-AD28-29564DED1A38}.Release|Any CPU.Build.0 = Release|Any CPU
		{EAAC57A2-5E3A-4A9E-A149-9447CC47268B}.Debug|Any CPU.ActiveCfg = Debug|Any CPU
		{EAAC57A2-5E3A-4A9E-A149-9447CC47268B}.Debug|Any CPU.Build.0 = Debug|Any CPU
		{EAAC57A2-5E3A-4A9E-A149-9447CC47268B}.Release|Any CPU.ActiveCfg = Release|Any CPU
		{EAAC57A2-5E3A-4A9E-A149-9447CC47268B}.Release|Any CPU.Build.0 = Release|Any CPU
		{A781713F-2167-4631-94E9-F8F3025423FD}.Debug|Any CPU.ActiveCfg = Debug|Any CPU
		{A781713F-2167-4631-94E9-F8F3025423FD}.Debug|Any CPU.Build.0 = Debug|Any CPU
		{A781713F-2167-4631-94E9-F8F3025423FD}.Release|Any CPU.ActiveCfg = Release|Any CPU
		{A781713F-2167-4631-94E9-F8F3025423FD}.Release|Any CPU.Build.0 = Release|Any CPU
		{7AE20510-7917-41BE-9E3E-858D0ED747DF}.Debug|Any CPU.ActiveCfg = Debug|Any CPU
		{7AE20510-7917-41BE-9E3E-858D0ED747DF}.Debug|Any CPU.Build.0 = Debug|Any CPU
		{7AE20510-7917-41BE-9E3E-858D0ED747DF}.Release|Any CPU.ActiveCfg = Release|Any CPU
		{7AE20510-7917-41BE-9E3E-858D0ED747DF}.Release|Any CPU.Build.0 = Release|Any CPU
		{C8894486-E8F3-4566-9990-11E6AD42FEAF}.Debug|Any CPU.ActiveCfg = Debug|Any CPU
		{C8894486-E8F3-4566-9990-11E6AD42FEAF}.Debug|Any CPU.Build.0 = Debug|Any CPU
		{C8894486-E8F3-4566-9990-11E6AD42FEAF}.Release|Any CPU.ActiveCfg = Release|Any CPU
		{C8894486-E8F3-4566-9990-11E6AD42FEAF}.Release|Any CPU.Build.0 = Release|Any CPU
		{6547DC40-C791-447E-88A9-556C9E7F60F0}.Debug|Any CPU.ActiveCfg = Debug|Any CPU
		{6547DC40-C791-447E-88A9-556C9E7F60F0}.Debug|Any CPU.Build.0 = Debug|Any CPU
		{6547DC40-C791-447E-88A9-556C9E7F60F0}.Release|Any CPU.ActiveCfg = Release|Any CPU
		{6547DC40-C791-447E-88A9-556C9E7F60F0}.Release|Any CPU.Build.0 = Release|Any CPU
		{F328E88C-4058-43AA-BE68-8CB16AC2F78F}.Debug|Any CPU.ActiveCfg = Debug|Any CPU
		{F328E88C-4058-43AA-BE68-8CB16AC2F78F}.Debug|Any CPU.Build.0 = Debug|Any CPU
		{F328E88C-4058-43AA-BE68-8CB16AC2F78F}.Release|Any CPU.ActiveCfg = Release|Any CPU
		{F328E88C-4058-43AA-BE68-8CB16AC2F78F}.Release|Any CPU.Build.0 = Release|Any CPU
		{C19562AA-AFC8-4E36-94F2-A26AB7153DFC}.Debug|Any CPU.ActiveCfg = Debug|Any CPU
		{C19562AA-AFC8-4E36-94F2-A26AB7153DFC}.Debug|Any CPU.Build.0 = Debug|Any CPU
		{C19562AA-AFC8-4E36-94F2-A26AB7153DFC}.Release|Any CPU.ActiveCfg = Release|Any CPU
		{C19562AA-AFC8-4E36-94F2-A26AB7153DFC}.Release|Any CPU.Build.0 = Release|Any CPU
	EndGlobalSection
	GlobalSection(SolutionProperties) = preSolution
		HideSolutionNode = FALSE
	EndGlobalSection
	GlobalSection(NestedProjects) = preSolution
		{0437B73D-35D6-416D-8A31-2C9B6CEF3BA6} = {3DDEB95E-4C8A-4630-843F-6D62F8A58930}
		{EBF6534C-89E8-4280-91EF-6B0C24DDE07C} = {8003DD83-6C4E-414E-BE7D-7A916D1D8E0B}
		{F56C39F0-0E0C-4B4C-A8A4-D76E6293D12C} = {C4FD4C94-B4EC-4FA1-B94A-D250067CDDBE}
		{208FB226-E45D-4EA2-9EEA-BBEFE6A7433B} = {C4FD4C94-B4EC-4FA1-B94A-D250067CDDBE}
		{636B2AF7-1404-4257-8F80-F55EC55E2030} = {3014C0DE-F493-4AA0-8C17-E91B60C3EB46}
		{4074C700-BF2B-4659-93ED-E47000D95287} = {6F59EA9D-E548-44FF-9EC0-A12314A1E5E1}
		{6A89C96D-B094-44FB-AD28-29564DED1A38} = {6F59EA9D-E548-44FF-9EC0-A12314A1E5E1}
		{EAAC57A2-5E3A-4A9E-A149-9447CC47268B} = {6F59EA9D-E548-44FF-9EC0-A12314A1E5E1}
		{A781713F-2167-4631-94E9-F8F3025423FD} = {6F59EA9D-E548-44FF-9EC0-A12314A1E5E1}
		{7AE20510-7917-41BE-9E3E-858D0ED747DF} = {3DDEB95E-4C8A-4630-843F-6D62F8A58930}
		{C8894486-E8F3-4566-9990-11E6AD42FEAF} = {C4FD4C94-B4EC-4FA1-B94A-D250067CDDBE}
		{6547DC40-C791-447E-88A9-556C9E7F60F0} = {3014C0DE-F493-4AA0-8C17-E91B60C3EB46}
		{F4D130BA-12DC-4621-B51E-40D678E03126} = {3014C0DE-F493-4AA0-8C17-E91B60C3EB46}
		{F328E88C-4058-43AA-BE68-8CB16AC2F78F} = {F4D130BA-12DC-4621-B51E-40D678E03126}
		{924880D4-9D4C-4B9F-9AA0-B1158933035E} = {3014C0DE-F493-4AA0-8C17-E91B60C3EB46}
		{C19562AA-AFC8-4E36-94F2-A26AB7153DFC} = {924880D4-9D4C-4B9F-9AA0-B1158933035E}
	EndGlobalSection
	GlobalSection(ExtensibilityGlobals) = postSolution
		SolutionGuid = {24EEC17A-BE8C-42BA-AE37-CB20E68B786F}
	EndGlobalSection
EndGlobal
